// !$*UTF8*$!
{
	archiveVersion = 1;
	classes = {
	};
	objectVersion = 51;
	objects = {

/* Begin PBXBuildFile section */
		844CBF3A23F803AB00E334AA /* AuthViewController.swift in Sources */ = {isa = PBXBuildFile; fileRef = 844CBF3923F803AB00E334AA /* AuthViewController.swift */; };
		844CBF3D23F804F900E334AA /* Localizable.strings in Resources */ = {isa = PBXBuildFile; fileRef = 844CBF3C23F804F900E334AA /* Localizable.strings */; };
		844CBF3F23F8055000E334AA /* AuthCoordinator.swift in Sources */ = {isa = PBXBuildFile; fileRef = 844CBF3E23F8055000E334AA /* AuthCoordinator.swift */; };
		844CBF4123F806C700E334AA /* AuthViewModel.swift in Sources */ = {isa = PBXBuildFile; fileRef = 844CBF4023F806C700E334AA /* AuthViewModel.swift */; };
		844CBF4423F8135600E334AA /* Constants.swift in Sources */ = {isa = PBXBuildFile; fileRef = 844CBF4323F8135600E334AA /* Constants.swift */; };
		844CBF4723F83DD300E334AA /* VKService.swift in Sources */ = {isa = PBXBuildFile; fileRef = 844CBF4623F83DD300E334AA /* VKService.swift */; };
		844CBF4923F83DF800E334AA /* AppDependency.swift in Sources */ = {isa = PBXBuildFile; fileRef = 844CBF4823F83DF800E334AA /* AppDependency.swift */; };
		844CBF4B23F8402700E334AA /* BaseViewController.swift in Sources */ = {isa = PBXBuildFile; fileRef = 844CBF4A23F8402700E334AA /* BaseViewController.swift */; };
		844CBF4E23FAFC7B00E334AA /* ShareViewController.swift in Sources */ = {isa = PBXBuildFile; fileRef = 844CBF4D23FAFC7B00E334AA /* ShareViewController.swift */; };
		844CBF5023FB007900E334AA /* ShareCoordinator.swift in Sources */ = {isa = PBXBuildFile; fileRef = 844CBF4F23FB007900E334AA /* ShareCoordinator.swift */; };
		848AED3523F7DEC700C9BC60 /* AppDelegate.swift in Sources */ = {isa = PBXBuildFile; fileRef = 848AED3423F7DEC700C9BC60 /* AppDelegate.swift */; };
		848AED3E23F7DED700C9BC60 /* Assets.xcassets in Resources */ = {isa = PBXBuildFile; fileRef = 848AED3D23F7DED700C9BC60 /* Assets.xcassets */; };
		848AED4123F7DED700C9BC60 /* LaunchScreen.storyboard in Resources */ = {isa = PBXBuildFile; fileRef = 848AED3F23F7DED700C9BC60 /* LaunchScreen.storyboard */; };
		84D554B323F7E2D9001617C1 /* BaseCoordinator.swift in Sources */ = {isa = PBXBuildFile; fileRef = 84D554B223F7E2D9001617C1 /* BaseCoordinator.swift */; };
		84D554B623F7E6C5001617C1 /* MainCoordinator.swift in Sources */ = {isa = PBXBuildFile; fileRef = 84D554B523F7E6C5001617C1 /* MainCoordinator.swift */; };
		84D554B823F7EA77001617C1 /* UIColor+AppColors.swift in Sources */ = {isa = PBXBuildFile; fileRef = 84D554B723F7EA77001617C1 /* UIColor+AppColors.swift */; };
		84D554BB23F7EE04001617C1 /* StandardButton.swift in Sources */ = {isa = PBXBuildFile; fileRef = 84D554BA23F7EE04001617C1 /* StandardButton.swift */; };
		DD14ED40A803154F48018E37 /* Pods_VKCup.framework in Frameworks */ = {isa = PBXBuildFile; fileRef = 62B106B5D82C144831494507 /* Pods_VKCup.framework */; };
/* End PBXBuildFile section */

/* Begin PBXFileReference section */
		153BDFB088E982F9A6AEDFD3 /* Pods-VKCup.debug.xcconfig */ = {isa = PBXFileReference; includeInIndex = 1; lastKnownFileType = text.xcconfig; name = "Pods-VKCup.debug.xcconfig"; path = "Target Support Files/Pods-VKCup/Pods-VKCup.debug.xcconfig"; sourceTree = "<group>"; };
		2C2B7279C02C802EBD720F53 /* Pods-VKCup.release.xcconfig */ = {isa = PBXFileReference; includeInIndex = 1; lastKnownFileType = text.xcconfig; name = "Pods-VKCup.release.xcconfig"; path = "Target Support Files/Pods-VKCup/Pods-VKCup.release.xcconfig"; sourceTree = "<group>"; };
		62B106B5D82C144831494507 /* Pods_VKCup.framework */ = {isa = PBXFileReference; explicitFileType = wrapper.framework; includeInIndex = 0; path = Pods_VKCup.framework; sourceTree = BUILT_PRODUCTS_DIR; };
		844CBF3923F803AB00E334AA /* AuthViewController.swift */ = {isa = PBXFileReference; lastKnownFileType = sourcecode.swift; path = AuthViewController.swift; sourceTree = "<group>"; };
		844CBF3C23F804F900E334AA /* Localizable.strings */ = {isa = PBXFileReference; lastKnownFileType = text.plist.strings; path = Localizable.strings; sourceTree = "<group>"; };
		844CBF3E23F8055000E334AA /* AuthCoordinator.swift */ = {isa = PBXFileReference; lastKnownFileType = sourcecode.swift; path = AuthCoordinator.swift; sourceTree = "<group>"; };
		844CBF4023F806C700E334AA /* AuthViewModel.swift */ = {isa = PBXFileReference; lastKnownFileType = sourcecode.swift; path = AuthViewModel.swift; sourceTree = "<group>"; };
		844CBF4323F8135600E334AA /* Constants.swift */ = {isa = PBXFileReference; lastKnownFileType = sourcecode.swift; path = Constants.swift; sourceTree = "<group>"; };
		844CBF4623F83DD300E334AA /* VKService.swift */ = {isa = PBXFileReference; lastKnownFileType = sourcecode.swift; path = VKService.swift; sourceTree = "<group>"; };
		844CBF4823F83DF800E334AA /* AppDependency.swift */ = {isa = PBXFileReference; lastKnownFileType = sourcecode.swift; path = AppDependency.swift; sourceTree = "<group>"; };
		844CBF4A23F8402700E334AA /* BaseViewController.swift */ = {isa = PBXFileReference; lastKnownFileType = sourcecode.swift; path = BaseViewController.swift; sourceTree = "<group>"; };
		844CBF4D23FAFC7B00E334AA /* ShareViewController.swift */ = {isa = PBXFileReference; lastKnownFileType = sourcecode.swift; path = ShareViewController.swift; sourceTree = "<group>"; };
		844CBF4F23FB007900E334AA /* ShareCoordinator.swift */ = {isa = PBXFileReference; lastKnownFileType = sourcecode.swift; path = ShareCoordinator.swift; sourceTree = "<group>"; };
		848AED3123F7DEC700C9BC60 /* VKCup.app */ = {isa = PBXFileReference; explicitFileType = wrapper.application; includeInIndex = 0; path = VKCup.app; sourceTree = BUILT_PRODUCTS_DIR; };
		848AED3423F7DEC700C9BC60 /* AppDelegate.swift */ = {isa = PBXFileReference; lastKnownFileType = sourcecode.swift; path = AppDelegate.swift; sourceTree = "<group>"; };
		848AED3D23F7DED700C9BC60 /* Assets.xcassets */ = {isa = PBXFileReference; lastKnownFileType = folder.assetcatalog; path = Assets.xcassets; sourceTree = "<group>"; };
		848AED4023F7DED700C9BC60 /* Base */ = {isa = PBXFileReference; lastKnownFileType = file.storyboard; name = Base; path = Base.lproj/LaunchScreen.storyboard; sourceTree = "<group>"; };
		84D554B123F7E204001617C1 /* Info.plist */ = {isa = PBXFileReference; lastKnownFileType = text.plist.xml; name = Info.plist; path = /Users/admin/Documents/Xcode_Projects/VKCup/Application/Info.plist; sourceTree = "<absolute>"; };
		84D554B223F7E2D9001617C1 /* BaseCoordinator.swift */ = {isa = PBXFileReference; lastKnownFileType = sourcecode.swift; path = BaseCoordinator.swift; sourceTree = "<group>"; };
		84D554B523F7E6C5001617C1 /* MainCoordinator.swift */ = {isa = PBXFileReference; lastKnownFileType = sourcecode.swift; path = MainCoordinator.swift; sourceTree = "<group>"; };
		84D554B723F7EA77001617C1 /* UIColor+AppColors.swift */ = {isa = PBXFileReference; lastKnownFileType = sourcecode.swift; path = "UIColor+AppColors.swift"; sourceTree = "<group>"; };
		84D554BA23F7EE04001617C1 /* StandardButton.swift */ = {isa = PBXFileReference; lastKnownFileType = sourcecode.swift; path = StandardButton.swift; sourceTree = "<group>"; };
/* End PBXFileReference section */

/* Begin PBXFrameworksBuildPhase section */
		848AED2E23F7DEC700C9BC60 /* Frameworks */ = {
			isa = PBXFrameworksBuildPhase;
			buildActionMask = 2147483647;
			files = (
				DD14ED40A803154F48018E37 /* Pods_VKCup.framework in Frameworks */,
			);
			runOnlyForDeploymentPostprocessing = 0;
		};
/* End PBXFrameworksBuildPhase section */

/* Begin PBXGroup section */
		844CBF3823F8038000E334AA /* Auth */ = {
			isa = PBXGroup;
			children = (
				844CBF3923F803AB00E334AA /* AuthViewController.swift */,
				844CBF3E23F8055000E334AA /* AuthCoordinator.swift */,
				844CBF4023F806C700E334AA /* AuthViewModel.swift */,
			);
			path = Auth;
			sourceTree = "<group>";
		};
		844CBF3B23F804CF00E334AA /* Strings */ = {
			isa = PBXGroup;
			children = (
				844CBF3C23F804F900E334AA /* Localizable.strings */,
			);
			path = Strings;
			sourceTree = "<group>";
		};
		844CBF4223F8134500E334AA /* Common */ = {
			isa = PBXGroup;
			children = (
				844CBF4323F8135600E334AA /* Constants.swift */,
			);
			path = Common;
			sourceTree = "<group>";
		};
		844CBF4523F83D8600E334AA /* Services */ = {
			isa = PBXGroup;
			children = (
				844CBF4623F83DD300E334AA /* VKService.swift */,
				844CBF4823F83DF800E334AA /* AppDependency.swift */,
			);
			path = Services;
			sourceTree = "<group>";
		};
		844CBF4C23FAFC6100E334AA /* Share */ = {
			isa = PBXGroup;
			children = (
				844CBF4D23FAFC7B00E334AA /* ShareViewController.swift */,
				844CBF4F23FB007900E334AA /* ShareCoordinator.swift */,
			);
			path = Share;
			sourceTree = "<group>";
		};
		848AED2823F7DEC700C9BC60 = {
			isa = PBXGroup;
			children = (
				84D554AB23F7E0F1001617C1 /* Application */,
				84D554AC23F7E0FC001617C1 /* Source */,
				84D554AD23F7E103001617C1 /* Resources */,
				848AED3223F7DEC700C9BC60 /* Products */,
				F79ADBE82CDFFE0F3C364F92 /* Pods */,
				C044C0092C44AF03A09F8F8A /* Frameworks */,
			);
			sourceTree = "<group>";
		};
		848AED3223F7DEC700C9BC60 /* Products */ = {
			isa = PBXGroup;
			children = (
				848AED3123F7DEC700C9BC60 /* VKCup.app */,
			);
			name = Products;
			sourceTree = "<group>";
		};
		84D554AB23F7E0F1001617C1 /* Application */ = {
			isa = PBXGroup;
			children = (
				84D554B123F7E204001617C1 /* Info.plist */,
				848AED3423F7DEC700C9BC60 /* AppDelegate.swift */,
				848AED3F23F7DED700C9BC60 /* LaunchScreen.storyboard */,
			);
			path = Application;
			sourceTree = "<group>";
		};
		84D554AC23F7E0FC001617C1 /* Source */ = {
			isa = PBXGroup;
			children = (
				844CBF4223F8134500E334AA /* Common */,
				84D554B023F7E12F001617C1 /* Protocols */,
				84D554AF23F7E128001617C1 /* Extensions */,
				84D554AE23F7E122001617C1 /* Scenes */,
				844CBF4523F83D8600E334AA /* Services */,
				84D554B923F7EDE1001617C1 /* Views */,
			);
			path = Source;
			sourceTree = "<group>";
		};
		84D554AD23F7E103001617C1 /* Resources */ = {
			isa = PBXGroup;
			children = (
				844CBF3B23F804CF00E334AA /* Strings */,
				848AED3D23F7DED700C9BC60 /* Assets.xcassets */,
			);
			path = Resources;
			sourceTree = "<group>";
		};
		84D554AE23F7E122001617C1 /* Scenes */ = {
			isa = PBXGroup;
			children = (
				844CBF4C23FAFC6100E334AA /* Share */,
				844CBF3823F8038000E334AA /* Auth */,
				84D554B423F7E699001617C1 /* Base */,
			);
			path = Scenes;
			sourceTree = "<group>";
		};
		84D554AF23F7E128001617C1 /* Extensions */ = {
			isa = PBXGroup;
			children = (
				84D554B723F7EA77001617C1 /* UIColor+AppColors.swift */,
			);
			path = Extensions;
			sourceTree = "<group>";
		};
		84D554B023F7E12F001617C1 /* Protocols */ = {
			isa = PBXGroup;
			children = (
			);
			path = Protocols;
			sourceTree = "<group>";
		};
		84D554B423F7E699001617C1 /* Base */ = {
			isa = PBXGroup;
			children = (
				84D554B223F7E2D9001617C1 /* BaseCoordinator.swift */,
				84D554B523F7E6C5001617C1 /* MainCoordinator.swift */,
				844CBF4A23F8402700E334AA /* BaseViewController.swift */,
			);
			path = Base;
			sourceTree = "<group>";
		};
		84D554B923F7EDE1001617C1 /* Views */ = {
			isa = PBXGroup;
			children = (
				84D554BA23F7EE04001617C1 /* StandardButton.swift */,
			);
			path = Views;
			sourceTree = "<group>";
		};
		C044C0092C44AF03A09F8F8A /* Frameworks */ = {
			isa = PBXGroup;
			children = (
				62B106B5D82C144831494507 /* Pods_VKCup.framework */,
			);
			name = Frameworks;
			sourceTree = "<group>";
		};
		F79ADBE82CDFFE0F3C364F92 /* Pods */ = {
			isa = PBXGroup;
			children = (
				153BDFB088E982F9A6AEDFD3 /* Pods-VKCup.debug.xcconfig */,
				2C2B7279C02C802EBD720F53 /* Pods-VKCup.release.xcconfig */,
			);
			path = Pods;
			sourceTree = "<group>";
		};
/* End PBXGroup section */

/* Begin PBXNativeTarget section */
		848AED3023F7DEC700C9BC60 /* VKCup */ = {
			isa = PBXNativeTarget;
			buildConfigurationList = 848AED4523F7DED700C9BC60 /* Build configuration list for PBXNativeTarget "VKCup" */;
			buildPhases = (
				AFCDC51A0247411471829AE2 /* [CP] Check Pods Manifest.lock */,
				848AED2D23F7DEC700C9BC60 /* Sources */,
				848AED2E23F7DEC700C9BC60 /* Frameworks */,
				848AED2F23F7DEC700C9BC60 /* Resources */,
				1CE0FB31FFDB37961D5D46E3 /* [CP] Embed Pods Frameworks */,
			);
			buildRules = (
			);
			dependencies = (
			);
			name = VKCup;
			productName = VKCup;
			productReference = 848AED3123F7DEC700C9BC60 /* VKCup.app */;
			productType = "com.apple.product-type.application";
		};
/* End PBXNativeTarget section */

/* Begin PBXProject section */
		848AED2923F7DEC700C9BC60 /* Project object */ = {
			isa = PBXProject;
			attributes = {
				LastSwiftUpdateCheck = 1130;
				LastUpgradeCheck = 1130;
				ORGANIZATIONNAME = Admin;
				TargetAttributes = {
					848AED3023F7DEC700C9BC60 = {
						CreatedOnToolsVersion = 11.3;
					};
				};
			};
			buildConfigurationList = 848AED2C23F7DEC700C9BC60 /* Build configuration list for PBXProject "VKCup" */;
			compatibilityVersion = "Xcode 9.3";
			developmentRegion = en;
			hasScannedForEncodings = 0;
			knownRegions = (
				en,
				Base,
			);
			mainGroup = 848AED2823F7DEC700C9BC60;
			productRefGroup = 848AED3223F7DEC700C9BC60 /* Products */;
			projectDirPath = "";
			projectRoot = "";
			targets = (
				848AED3023F7DEC700C9BC60 /* VKCup */,
			);
		};
/* End PBXProject section */

/* Begin PBXResourcesBuildPhase section */
		848AED2F23F7DEC700C9BC60 /* Resources */ = {
			isa = PBXResourcesBuildPhase;
			buildActionMask = 2147483647;
			files = (
				848AED4123F7DED700C9BC60 /* LaunchScreen.storyboard in Resources */,
				844CBF3D23F804F900E334AA /* Localizable.strings in Resources */,
				848AED3E23F7DED700C9BC60 /* Assets.xcassets in Resources */,
			);
			runOnlyForDeploymentPostprocessing = 0;
		};
/* End PBXResourcesBuildPhase section */

/* Begin PBXShellScriptBuildPhase section */
		1CE0FB31FFDB37961D5D46E3 /* [CP] Embed Pods Frameworks */ = {
			isa = PBXShellScriptBuildPhase;
			buildActionMask = 2147483647;
			files = (
			);
			inputFileListPaths = (
				"${PODS_ROOT}/Target Support Files/Pods-VKCup/Pods-VKCup-frameworks-${CONFIGURATION}-input-files.xcfilelist",
			);
			name = "[CP] Embed Pods Frameworks";
			outputFileListPaths = (
				"${PODS_ROOT}/Target Support Files/Pods-VKCup/Pods-VKCup-frameworks-${CONFIGURATION}-output-files.xcfilelist",
			);
			runOnlyForDeploymentPostprocessing = 0;
			shellPath = /bin/sh;
			shellScript = "\"${PODS_ROOT}/Target Support Files/Pods-VKCup/Pods-VKCup-frameworks.sh\"\n";
			showEnvVarsInLog = 0;
		};
		AFCDC51A0247411471829AE2 /* [CP] Check Pods Manifest.lock */ = {
			isa = PBXShellScriptBuildPhase;
			buildActionMask = 2147483647;
			files = (
			);
			inputFileListPaths = (
			);
			inputPaths = (
				"${PODS_PODFILE_DIR_PATH}/Podfile.lock",
				"${PODS_ROOT}/Manifest.lock",
			);
			name = "[CP] Check Pods Manifest.lock";
			outputFileListPaths = (
			);
			outputPaths = (
				"$(DERIVED_FILE_DIR)/Pods-VKCup-checkManifestLockResult.txt",
			);
			runOnlyForDeploymentPostprocessing = 0;
			shellPath = /bin/sh;
			shellScript = "diff \"${PODS_PODFILE_DIR_PATH}/Podfile.lock\" \"${PODS_ROOT}/Manifest.lock\" > /dev/null\nif [ $? != 0 ] ; then\n    # print error to STDERR\n    echo \"error: The sandbox is not in sync with the Podfile.lock. Run 'pod install' or update your CocoaPods installation.\" >&2\n    exit 1\nfi\n# This output is used by Xcode 'outputs' to avoid re-running this script phase.\necho \"SUCCESS\" > \"${SCRIPT_OUTPUT_FILE_0}\"\n";
			showEnvVarsInLog = 0;
		};
/* End PBXShellScriptBuildPhase section */

/* Begin PBXSourcesBuildPhase section */
		848AED2D23F7DEC700C9BC60 /* Sources */ = {
			isa = PBXSourcesBuildPhase;
			buildActionMask = 2147483647;
			files = (
				844CBF4923F83DF800E334AA /* AppDependency.swift in Sources */,
				84D554BB23F7EE04001617C1 /* StandardButton.swift in Sources */,
				848AED3523F7DEC700C9BC60 /* AppDelegate.swift in Sources */,
				84D554B823F7EA77001617C1 /* UIColor+AppColors.swift in Sources */,
				844CBF4E23FAFC7B00E334AA /* ShareViewController.swift in Sources */,
				84D554B623F7E6C5001617C1 /* MainCoordinator.swift in Sources */,
				844CBF4B23F8402700E334AA /* BaseViewController.swift in Sources */,
				844CBF4723F83DD300E334AA /* VKService.swift in Sources */,
				844CBF4123F806C700E334AA /* AuthViewModel.swift in Sources */,
				844CBF3F23F8055000E334AA /* AuthCoordinator.swift in Sources */,
				844CBF5023FB007900E334AA /* ShareCoordinator.swift in Sources */,
				844CBF3A23F803AB00E334AA /* AuthViewController.swift in Sources */,
				84D554B323F7E2D9001617C1 /* BaseCoordinator.swift in Sources */,
				844CBF4423F8135600E334AA /* Constants.swift in Sources */,
			);
			runOnlyForDeploymentPostprocessing = 0;
		};
/* End PBXSourcesBuildPhase section */

/* Begin PBXVariantGroup section */
		848AED3F23F7DED700C9BC60 /* LaunchScreen.storyboard */ = {
			isa = PBXVariantGroup;
			children = (
				848AED4023F7DED700C9BC60 /* Base */,
			);
			name = LaunchScreen.storyboard;
			sourceTree = "<group>";
		};
/* End PBXVariantGroup section */

/* Begin XCBuildConfiguration section */
		848AED4323F7DED700C9BC60 /* Debug */ = {
			isa = XCBuildConfiguration;
			buildSettings = {
				ALWAYS_SEARCH_USER_PATHS = NO;
				CLANG_ANALYZER_NONNULL = YES;
				CLANG_ANALYZER_NUMBER_OBJECT_CONVERSION = YES_AGGRESSIVE;
				CLANG_CXX_LANGUAGE_STANDARD = "gnu++14";
				CLANG_CXX_LIBRARY = "libc++";
				CLANG_ENABLE_MODULES = YES;
				CLANG_ENABLE_OBJC_ARC = YES;
				CLANG_ENABLE_OBJC_WEAK = YES;
				CLANG_WARN_BLOCK_CAPTURE_AUTORELEASING = YES;
				CLANG_WARN_BOOL_CONVERSION = YES;
				CLANG_WARN_COMMA = YES;
				CLANG_WARN_CONSTANT_CONVERSION = YES;
				CLANG_WARN_DEPRECATED_OBJC_IMPLEMENTATIONS = YES;
				CLANG_WARN_DIRECT_OBJC_ISA_USAGE = YES_ERROR;
				CLANG_WARN_DOCUMENTATION_COMMENTS = YES;
				CLANG_WARN_EMPTY_BODY = YES;
				CLANG_WARN_ENUM_CONVERSION = YES;
				CLANG_WARN_INFINITE_RECURSION = YES;
				CLANG_WARN_INT_CONVERSION = YES;
				CLANG_WARN_NON_LITERAL_NULL_CONVERSION = YES;
				CLANG_WARN_OBJC_IMPLICIT_RETAIN_SELF = YES;
				CLANG_WARN_OBJC_LITERAL_CONVERSION = YES;
				CLANG_WARN_OBJC_ROOT_CLASS = YES_ERROR;
				CLANG_WARN_RANGE_LOOP_ANALYSIS = YES;
				CLANG_WARN_STRICT_PROTOTYPES = YES;
				CLANG_WARN_SUSPICIOUS_MOVE = YES;
				CLANG_WARN_UNGUARDED_AVAILABILITY = YES_AGGRESSIVE;
				CLANG_WARN_UNREACHABLE_CODE = YES;
				CLANG_WARN__DUPLICATE_METHOD_MATCH = YES;
				COPY_PHASE_STRIP = NO;
				DEBUG_INFORMATION_FORMAT = dwarf;
				ENABLE_STRICT_OBJC_MSGSEND = YES;
				ENABLE_TESTABILITY = YES;
				GCC_C_LANGUAGE_STANDARD = gnu11;
				GCC_DYNAMIC_NO_PIC = NO;
				GCC_NO_COMMON_BLOCKS = YES;
				GCC_OPTIMIZATION_LEVEL = 0;
				GCC_PREPROCESSOR_DEFINITIONS = (
					"DEBUG=1",
					"$(inherited)",
				);
				GCC_WARN_64_TO_32_BIT_CONVERSION = YES;
				GCC_WARN_ABOUT_RETURN_TYPE = YES_ERROR;
				GCC_WARN_UNDECLARED_SELECTOR = YES;
				GCC_WARN_UNINITIALIZED_AUTOS = YES_AGGRESSIVE;
				GCC_WARN_UNUSED_FUNCTION = YES;
				GCC_WARN_UNUSED_VARIABLE = YES;
				IPHONEOS_DEPLOYMENT_TARGET = 13.2;
				MTL_ENABLE_DEBUG_INFO = INCLUDE_SOURCE;
				MTL_FAST_MATH = YES;
				ONLY_ACTIVE_ARCH = YES;
				SDKROOT = iphoneos;
				SWIFT_ACTIVE_COMPILATION_CONDITIONS = DEBUG;
				SWIFT_OPTIMIZATION_LEVEL = "-Onone";
			};
			name = Debug;
		};
		848AED4423F7DED700C9BC60 /* Release */ = {
			isa = XCBuildConfiguration;
			buildSettings = {
				ALWAYS_SEARCH_USER_PATHS = NO;
				CLANG_ANALYZER_NONNULL = YES;
				CLANG_ANALYZER_NUMBER_OBJECT_CONVERSION = YES_AGGRESSIVE;
				CLANG_CXX_LANGUAGE_STANDARD = "gnu++14";
				CLANG_CXX_LIBRARY = "libc++";
				CLANG_ENABLE_MODULES = YES;
				CLANG_ENABLE_OBJC_ARC = YES;
				CLANG_ENABLE_OBJC_WEAK = YES;
				CLANG_WARN_BLOCK_CAPTURE_AUTORELEASING = YES;
				CLANG_WARN_BOOL_CONVERSION = YES;
				CLANG_WARN_COMMA = YES;
				CLANG_WARN_CONSTANT_CONVERSION = YES;
				CLANG_WARN_DEPRECATED_OBJC_IMPLEMENTATIONS = YES;
				CLANG_WARN_DIRECT_OBJC_ISA_USAGE = YES_ERROR;
				CLANG_WARN_DOCUMENTATION_COMMENTS = YES;
				CLANG_WARN_EMPTY_BODY = YES;
				CLANG_WARN_ENUM_CONVERSION = YES;
				CLANG_WARN_INFINITE_RECURSION = YES;
				CLANG_WARN_INT_CONVERSION = YES;
				CLANG_WARN_NON_LITERAL_NULL_CONVERSION = YES;
				CLANG_WARN_OBJC_IMPLICIT_RETAIN_SELF = YES;
				CLANG_WARN_OBJC_LITERAL_CONVERSION = YES;
				CLANG_WARN_OBJC_ROOT_CLASS = YES_ERROR;
				CLANG_WARN_RANGE_LOOP_ANALYSIS = YES;
				CLANG_WARN_STRICT_PROTOTYPES = YES;
				CLANG_WARN_SUSPICIOUS_MOVE = YES;
				CLANG_WARN_UNGUARDED_AVAILABILITY = YES_AGGRESSIVE;
				CLANG_WARN_UNREACHABLE_CODE = YES;
				CLANG_WARN__DUPLICATE_METHOD_MATCH = YES;
				COPY_PHASE_STRIP = NO;
				DEBUG_INFORMATION_FORMAT = "dwarf-with-dsym";
				ENABLE_NS_ASSERTIONS = NO;
				ENABLE_STRICT_OBJC_MSGSEND = YES;
				GCC_C_LANGUAGE_STANDARD = gnu11;
				GCC_NO_COMMON_BLOCKS = YES;
				GCC_WARN_64_TO_32_BIT_CONVERSION = YES;
				GCC_WARN_ABOUT_RETURN_TYPE = YES_ERROR;
				GCC_WARN_UNDECLARED_SELECTOR = YES;
				GCC_WARN_UNINITIALIZED_AUTOS = YES_AGGRESSIVE;
				GCC_WARN_UNUSED_FUNCTION = YES;
				GCC_WARN_UNUSED_VARIABLE = YES;
				IPHONEOS_DEPLOYMENT_TARGET = 13.2;
				MTL_ENABLE_DEBUG_INFO = NO;
				MTL_FAST_MATH = YES;
				SDKROOT = iphoneos;
				SWIFT_COMPILATION_MODE = wholemodule;
				SWIFT_OPTIMIZATION_LEVEL = "-O";
				VALIDATE_PRODUCT = YES;
			};
			name = Release;
		};
		848AED4623F7DED700C9BC60 /* Debug */ = {
			isa = XCBuildConfiguration;
			baseConfigurationReference = 153BDFB088E982F9A6AEDFD3 /* Pods-VKCup.debug.xcconfig */;
			buildSettings = {
				ASSETCATALOG_COMPILER_APPICON_NAME = AppIcon;
				CODE_SIGN_STYLE = Automatic;
				INFOPLIST_FILE = Application/Info.plist;
				LD_RUNPATH_SEARCH_PATHS = (
					"$(inherited)",
					"@executable_path/Frameworks",
				);
				PRODUCT_BUNDLE_IDENTIFIER = com.denrah.VKCup;
				PRODUCT_NAME = "$(TARGET_NAME)";
				SWIFT_VERSION = 5.0;
				TARGETED_DEVICE_FAMILY = "1,2";
			};
			name = Debug;
		};
		848AED4723F7DED700C9BC60 /* Release */ = {
			isa = XCBuildConfiguration;
			baseConfigurationReference = 2C2B7279C02C802EBD720F53 /* Pods-VKCup.release.xcconfig */;
			buildSettings = {
				ASSETCATALOG_COMPILER_APPICON_NAME = AppIcon;
				CODE_SIGN_STYLE = Automatic;
				INFOPLIST_FILE = Application/Info.plist;
				LD_RUNPATH_SEARCH_PATHS = (
					"$(inherited)",
					"@executable_path/Frameworks",
				);
				PRODUCT_BUNDLE_IDENTIFIER = com.denrah.VKCup;
				PRODUCT_NAME = "$(TARGET_NAME)";
				SWIFT_VERSION = 5.0;
				TARGETED_DEVICE_FAMILY = "1,2";
			};
			name = Release;
		};
/* End XCBuildConfiguration section */

/* Begin XCConfigurationList section */
		848AED2C23F7DEC700C9BC60 /* Build configuration list for PBXProject "VKCup" */ = {
			isa = XCConfigurationList;
			buildConfigurations = (
				848AED4323F7DED700C9BC60 /* Debug */,
				848AED4423F7DED700C9BC60 /* Release */,
			);
			defaultConfigurationIsVisible = 0;
			defaultConfigurationName = Release;
		};
		848AED4523F7DED700C9BC60 /* Build configuration list for PBXNativeTarget "VKCup" */ = {
			isa = XCConfigurationList;
			buildConfigurations = (
				848AED4623F7DED700C9BC60 /* Debug */,
				848AED4723F7DED700C9BC60 /* Release */,
			);
			defaultConfigurationIsVisible = 0;
			defaultConfigurationName = Release;
		};
/* End XCConfigurationList section */
	};
	rootObject = 848AED2923F7DEC700C9BC60 /* Project object */;
}
